// !$*UTF8*$!
{
	archiveVersion = 1;
	classes = {
	};
	objectVersion = 46;
	objects = {

/* Begin PBXBuildFile section */
		DB171ED61D6CB72E00837E81 /* Parameter.cpp in Sources */ = {isa = PBXBuildFile; fileRef = DB171ED41D6CB72E00837E81 /* Parameter.cpp */; };
		DB171ED81D6CB7E400837E81 /* ConfigFileParser.cpp in Sources */ = {isa = PBXBuildFile; fileRef = DB171ED71D6CB7E400837E81 /* ConfigFileParser.cpp */; };
		DB64EDD81D678E03005DDF41 /* main.cpp in Sources */ = {isa = PBXBuildFile; fileRef = DB64EDD71D678E03005DDF41 /* main.cpp */; };
		DB64EE0A1D679289005DDF41 /* pert.cpp in Sources */ = {isa = PBXBuildFile; fileRef = DB64EE091D679289005DDF41 /* pert.cpp */; };
/* End PBXBuildFile section */

/* Begin PBXCopyFilesBuildPhase section */
		DB64EDD21D678E03005DDF41 /* CopyFiles */ = {
			isa = PBXCopyFilesBuildPhase;
			buildActionMask = 2147483647;
			dstPath = /usr/share/man/man1/;
			dstSubfolderSpec = 0;
			files = (
			);
			runOnlyForDeploymentPostprocessing = 1;
		};
/* End PBXCopyFilesBuildPhase section */

/* Begin PBXFileReference section */
		DB171EC91D6CABBA00837E81 /* wavefunction.h */ = {isa = PBXFileReference; fileEncoding = 4; lastKnownFileType = sourcecode.c.h; path = wavefunction.h; sourceTree = "<group>"; };
		DB171ECA1D6CABBA00837E81 /* constant.h */ = {isa = PBXFileReference; fileEncoding = 4; lastKnownFileType = sourcecode.c.h; path = constant.h; sourceTree = "<group>"; };
		DB171ECC1D6CABBA00837E81 /* ConfigFileParser.h */ = {isa = PBXFileReference; fileEncoding = 4; lastKnownFileType = sourcecode.c.h; path = ConfigFileParser.h; sourceTree = "<group>"; };
		DB171ED41D6CB72E00837E81 /* Parameter.cpp */ = {isa = PBXFileReference; fileEncoding = 4; lastKnownFileType = sourcecode.cpp.cpp; path = Parameter.cpp; sourceTree = "<group>"; };
		DB171ED51D6CB72E00837E81 /* ParameterMap.h */ = {isa = PBXFileReference; fileEncoding = 4; lastKnownFileType = sourcecode.c.h; path = ParameterMap.h; sourceTree = "<group>"; };
		DB171ED71D6CB7E400837E81 /* ConfigFileParser.cpp */ = {isa = PBXFileReference; fileEncoding = 4; lastKnownFileType = sourcecode.cpp.cpp; path = ConfigFileParser.cpp; sourceTree = "<group>"; };
		DB64EDD41D678E03005DDF41 /* PerturbationTheory */ = {isa = PBXFileReference; explicitFileType = "compiled.mach-o.executable"; includeInIndex = 0; path = PerturbationTheory; sourceTree = BUILT_PRODUCTS_DIR; };
		DB64EDD71D678E03005DDF41 /* main.cpp */ = {isa = PBXFileReference; lastKnownFileType = sourcecode.cpp.cpp; path = main.cpp; sourceTree = "<group>"; };
		DB64EDDE1D678E65005DDF41 /* pert.hpp */ = {isa = PBXFileReference; lastKnownFileType = sourcecode.cpp.h; path = pert.hpp; sourceTree = "<group>"; };
		DB64EE091D679289005DDF41 /* pert.cpp */ = {isa = PBXFileReference; fileEncoding = 4; lastKnownFileType = sourcecode.cpp.cpp; path = pert.cpp; sourceTree = "<group>"; };
/* End PBXFileReference section */

/* Begin PBXFrameworksBuildPhase section */
		DB64EDD11D678E03005DDF41 /* Frameworks */ = {
			isa = PBXFrameworksBuildPhase;
			buildActionMask = 2147483647;
			files = (
			);
			runOnlyForDeploymentPostprocessing = 0;
		};
/* End PBXFrameworksBuildPhase section */

/* Begin PBXGroup section */
		DB64EDCB1D678E03005DDF41 = {
			isa = PBXGroup;
			children = (
				DB64EDD61D678E03005DDF41 /* PerturbationTheory */,
				DB64EDD51D678E03005DDF41 /* Products */,
			);
			sourceTree = "<group>";
		};
		DB64EDD51D678E03005DDF41 /* Products */ = {
			isa = PBXGroup;
			children = (
				DB64EDD41D678E03005DDF41 /* PerturbationTheory */,
			);
			name = Products;
			sourceTree = "<group>";
		};
		DB64EDD61D678E03005DDF41 /* PerturbationTheory */ = {
			isa = PBXGroup;
			children = (
				DB64EDD71D678E03005DDF41 /* main.cpp */,
				DB64EDDE1D678E65005DDF41 /* pert.hpp */,
				DB64EE091D679289005DDF41 /* pert.cpp */,
				DB171EC91D6CABBA00837E81 /* wavefunction.h */,
				DB171ED71D6CB7E400837E81 /* ConfigFileParser.cpp */,
				DB171ED41D6CB72E00837E81 /* Parameter.cpp */,
				DB171ED51D6CB72E00837E81 /* ParameterMap.h */,
				DB171ECA1D6CABBA00837E81 /* constant.h */,
				DB171ECC1D6CABBA00837E81 /* ConfigFileParser.h */,
			);
			path = PerturbationTheory;
			sourceTree = "<group>";
		};
/* End PBXGroup section */

/* Begin PBXNativeTarget section */
		DB64EDD31D678E03005DDF41 /* PerturbationTheory */ = {
			isa = PBXNativeTarget;
			buildConfigurationList = DB64EDDB1D678E03005DDF41 /* Build configuration list for PBXNativeTarget "PerturbationTheory" */;
			buildPhases = (
				DB64EDD01D678E03005DDF41 /* Sources */,
				DB64EDD11D678E03005DDF41 /* Frameworks */,
				DB64EDD21D678E03005DDF41 /* CopyFiles */,
			);
			buildRules = (
			);
			dependencies = (
			);
			name = PerturbationTheory;
			productName = PerturbationTheory;
			productReference = DB64EDD41D678E03005DDF41 /* PerturbationTheory */;
			productType = "com.apple.product-type.tool";
		};
/* End PBXNativeTarget section */

/* Begin PBXProject section */
		DB64EDCC1D678E03005DDF41 /* Project object */ = {
			isa = PBXProject;
			attributes = {
				LastUpgradeCheck = 0730;
				ORGANIZATIONNAME = "C. Goldsmith";
				TargetAttributes = {
					DB64EDD31D678E03005DDF41 = {
						CreatedOnToolsVersion = 7.3.1;
					};
				};
			};
			buildConfigurationList = DB64EDCF1D678E03005DDF41 /* Build configuration list for PBXProject "PerturbationTheory" */;
			compatibilityVersion = "Xcode 3.2";
			developmentRegion = English;
			hasScannedForEncodings = 0;
			knownRegions = (
				en,
			);
			mainGroup = DB64EDCB1D678E03005DDF41;
			productRefGroup = DB64EDD51D678E03005DDF41 /* Products */;
			projectDirPath = "";
			projectRoot = "";
			targets = (
				DB64EDD31D678E03005DDF41 /* PerturbationTheory */,
			);
		};
/* End PBXProject section */

/* Begin PBXSourcesBuildPhase section */
		DB64EDD01D678E03005DDF41 /* Sources */ = {
			isa = PBXSourcesBuildPhase;
			buildActionMask = 2147483647;
			files = (
				DB171ED81D6CB7E400837E81 /* ConfigFileParser.cpp in Sources */,
				DB64EE0A1D679289005DDF41 /* pert.cpp in Sources */,
				DB171ED61D6CB72E00837E81 /* Parameter.cpp in Sources */,
				DB64EDD81D678E03005DDF41 /* main.cpp in Sources */,
			);
			runOnlyForDeploymentPostprocessing = 0;
		};
/* End PBXSourcesBuildPhase section */

/* Begin XCBuildConfiguration section */
		DB64EDD91D678E03005DDF41 /* Debug */ = {
			isa = XCBuildConfiguration;
			buildSettings = {
				ALWAYS_SEARCH_USER_PATHS = NO;
				CLANG_ANALYZER_NONNULL = YES;
				CLANG_CXX_LANGUAGE_STANDARD = "gnu++0x";
				CLANG_CXX_LIBRARY = "libc++";
				CLANG_ENABLE_MODULES = YES;
				CLANG_ENABLE_OBJC_ARC = YES;
				CLANG_WARN_BOOL_CONVERSION = YES;
				CLANG_WARN_CONSTANT_CONVERSION = YES;
				CLANG_WARN_DIRECT_OBJC_ISA_USAGE = YES_ERROR;
				CLANG_WARN_EMPTY_BODY = YES;
				CLANG_WARN_ENUM_CONVERSION = YES;
				CLANG_WARN_INT_CONVERSION = YES;
				CLANG_WARN_OBJC_ROOT_CLASS = YES_ERROR;
				CLANG_WARN_UNREACHABLE_CODE = YES;
				CLANG_WARN__DUPLICATE_METHOD_MATCH = YES;
				CODE_SIGN_IDENTITY = "-";
				COPY_PHASE_STRIP = NO;
				DEBUG_INFORMATION_FORMAT = dwarf;
				ENABLE_STRICT_OBJC_MSGSEND = YES;
				ENABLE_TESTABILITY = YES;
				GCC_C_LANGUAGE_STANDARD = gnu99;
				GCC_DYNAMIC_NO_PIC = NO;
				GCC_NO_COMMON_BLOCKS = YES;
				GCC_OPTIMIZATION_LEVEL = 0;
				GCC_PREPROCESSOR_DEFINITIONS = (
					"DEBUG=1",
					"$(inherited)",
				);
				GCC_WARN_64_TO_32_BIT_CONVERSION = YES;
				GCC_WARN_ABOUT_RETURN_TYPE = YES_ERROR;
				GCC_WARN_UNDECLARED_SELECTOR = YES;
				GCC_WARN_UNINITIALIZED_AUTOS = YES_AGGRESSIVE;
				GCC_WARN_UNUSED_FUNCTION = YES;
				GCC_WARN_UNUSED_VARIABLE = YES;
				MACOSX_DEPLOYMENT_TARGET = 10.11;
				MTL_ENABLE_DEBUG_INFO = YES;
				ONLY_ACTIVE_ARCH = YES;
				SDKROOT = macosx;
			};
			name = Debug;
		};
		DB64EDDA1D678E03005DDF41 /* Release */ = {
			isa = XCBuildConfiguration;
			buildSettings = {
				ALWAYS_SEARCH_USER_PATHS = NO;
				CLANG_ANALYZER_NONNULL = YES;
				CLANG_CXX_LANGUAGE_STANDARD = "gnu++0x";
				CLANG_CXX_LIBRARY = "libc++";
				CLANG_ENABLE_MODULES = YES;
				CLANG_ENABLE_OBJC_ARC = YES;
				CLANG_WARN_BOOL_CONVERSION = YES;
				CLANG_WARN_CONSTANT_CONVERSION = YES;
				CLANG_WARN_DIRECT_OBJC_ISA_USAGE = YES_ERROR;
				CLANG_WARN_EMPTY_BODY = YES;
				CLANG_WARN_ENUM_CONVERSION = YES;
				CLANG_WARN_INT_CONVERSION = YES;
				CLANG_WARN_OBJC_ROOT_CLASS = YES_ERROR;
				CLANG_WARN_UNREACHABLE_CODE = YES;
				CLANG_WARN__DUPLICATE_METHOD_MATCH = YES;
				CODE_SIGN_IDENTITY = "-";
				COPY_PHASE_STRIP = NO;
				DEBUG_INFORMATION_FORMAT = "dwarf-with-dsym";
				ENABLE_NS_ASSERTIONS = NO;
				ENABLE_STRICT_OBJC_MSGSEND = YES;
				GCC_C_LANGUAGE_STANDARD = gnu99;
				GCC_NO_COMMON_BLOCKS = YES;
				GCC_WARN_64_TO_32_BIT_CONVERSION = YES;
				GCC_WARN_ABOUT_RETURN_TYPE = YES_ERROR;
				GCC_WARN_UNDECLARED_SELECTOR = YES;
				GCC_WARN_UNINITIALIZED_AUTOS = YES_AGGRESSIVE;
				GCC_WARN_UNUSED_FUNCTION = YES;
				GCC_WARN_UNUSED_VARIABLE = YES;
				MACOSX_DEPLOYMENT_TARGET = 10.11;
				MTL_ENABLE_DEBUG_INFO = NO;
				SDKROOT = macosx;
			};
			name = Release;
		};
		DB64EDDC1D678E03005DDF41 /* Debug */ = {
			isa = XCBuildConfiguration;
			buildSettings = {
				PRODUCT_NAME = "$(TARGET_NAME)";
			};
			name = Debug;
		};
		DB64EDDD1D678E03005DDF41 /* Release */ = {
			isa = XCBuildConfiguration;
			buildSettings = {
				PRODUCT_NAME = "$(TARGET_NAME)";
			};
			name = Release;
		};
/* End XCBuildConfiguration section */

/* Begin XCConfigurationList section */
		DB64EDCF1D678E03005DDF41 /* Build configuration list for PBXProject "PerturbationTheory" */ = {
			isa = XCConfigurationList;
			buildConfigurations = (
				DB64EDD91D678E03005DDF41 /* Debug */,
				DB64EDDA1D678E03005DDF41 /* Release */,
			);
			defaultConfigurationIsVisible = 0;
			defaultConfigurationName = Release;
		};
		DB64EDDB1D678E03005DDF41 /* Build configuration list for PBXNativeTarget "PerturbationTheory" */ = {
			isa = XCConfigurationList;
			buildConfigurations = (
				DB64EDDC1D678E03005DDF41 /* Debug */,
				DB64EDDD1D678E03005DDF41 /* Release */,
			);
			defaultConfigurationIsVisible = 0;
			defaultConfigurationName = Release;
		};
/* End XCConfigurationList section */
	};
	rootObject = DB64EDCC1D678E03005DDF41 /* Project object */;
}
